
Microsoft Visual Studio Solution File, Format Version 12.00
# Visual Studio 2013
VisualStudioVersion = 12.0.40629.0
MinimumVisualStudioVersion = 10.0.40219.1
Project("{FAE04EC0-301F-11D3-BF4B-00C04F79EFBC}") = "WindowsServiceTest", "WindowsServiceTest\WindowsServiceTest.csproj", "{9BA8B774-3D74-4115-B80B-EFCFCE2AF691}"
EndProject
Project("{FAE04EC0-301F-11D3-BF4B-00C04F79EFBC}") = "ListTest", "ListTest\ListTest.csproj", "{A49A5714-FFFA-4747-85B1-B703CEF66712}"
EndProject
Project("{FAE04EC0-301F-11D3-BF4B-00C04F79EFBC}") = "ObjectTest", "ObjectTest\ObjectTest.csproj", "{EC1AEBF4-4A4D-4688-92AC-762A2213351E}"
EndProject
Project("{FAE04EC0-301F-11D3-BF4B-00C04F79EFBC}") = "DateTimeTest", "DateTimeTest\DateTimeTest.csproj", "{C8E4C856-44DE-4EE9-926E-173BC09CE540}"
EndProject
Project("{FAE04EC0-301F-11D3-BF4B-00C04F79EFBC}") = "ExpressionTest", "ExpressionTest\ExpressionTest.csproj", "{CD090C06-AE74-432F-955C-B9516E06AA6D}"
EndProject
Global
	GlobalSection(SolutionConfigurationPlatforms) = preSolution
		Debug|Any CPU = Debug|Any CPU
		Release|Any CPU = Release|Any CPU
	EndGlobalSection
	GlobalSection(ProjectConfigurationPlatforms) = postSolution
		{9BA8B774-3D74-4115-B80B-EFCFCE2AF691}.Debug|Any CPU.ActiveCfg = Debug|Any CPU
		{9BA8B774-3D74-4115-B80B-EFCFCE2AF691}.Debug|Any CPU.Build.0 = Debug|Any CPU
		{9BA8B774-3D74-4115-B80B-EFCFCE2AF691}.Release|Any CPU.ActiveCfg = Release|Any CPU
		{9BA8B774-3D74-4115-B80B-EFCFCE2AF691}.Release|Any CPU.Build.0 = Release|Any CPU
		{A49A5714-FFFA-4747-85B1-B703CEF66712}.Debug|Any CPU.ActiveCfg = Debug|Any CPU
		{A49A5714-FFFA-4747-85B1-B703CEF66712}.Debug|Any CPU.Build.0 = Debug|Any CPU
		{A49A5714-FFFA-4747-85B1-B703CEF66712}.Release|Any CPU.ActiveCfg = Release|Any CPU
		{A49A5714-FFFA-4747-85B1-B703CEF66712}.Release|Any CPU.Build.0 = Release|Any CPU
		{EC1AEBF4-4A4D-4688-92AC-762A2213351E}.Debug|Any CPU.ActiveCfg = Debug|Any CPU
		{EC1AEBF4-4A4D-4688-92AC-762A2213351E}.Debug|Any CPU.Build.0 = Debug|Any CPU
		{EC1AEBF4-4A4D-4688-92AC-762A2213351E}.Release|Any CPU.ActiveCfg = Release|Any CPU
		{EC1AEBF4-4A4D-4688-92AC-762A2213351E}.Release|Any CPU.Build.0 = Release|Any CPU
		{C8E4C856-44DE-4EE9-926E-173BC09CE540}.Debug|Any CPU.ActiveCfg = Debug|Any CPU
		{C8E4C856-44DE-4EE9-926E-173BC09CE540}.Debug|Any CPU.Build.0 = Debug|Any CPU
		{C8E4C856-44DE-4EE9-926E-173BC09CE540}.Release|Any CPU.ActiveCfg = Release|Any CPU
		{C8E4C856-44DE-4EE9-926E-173BC09CE540}.Release|Any CPU.Build.0 = Release|Any CPU
		{CD090C06-AE74-432F-955C-B9516E06AA6D}.Debug|Any CPU.ActiveCfg = Debug|Any CPU
		{CD090C06-AE74-432F-955C-B9516E06AA6D}.Debug|Any CPU.Build.0 = Debug|Any CPU
		{CD090C06-AE74-432F-955C-B9516E06AA6D}.Release|Any CPU.ActiveCfg = Release|Any CPU
		{CD090C06-AE74-432F-955C-B9516E06AA6D}.Release|Any CPU.Build.0 = Release|Any CPU
	EndGlobalSection
	GlobalSection(SolutionProperties) = preSolution
		HideSolutionNode = FALSE
	EndGlobalSection
EndGlobal
